
Microsoft Visual Studio Solution File, Format Version 12.00
# Visual Studio Version 17
VisualStudioVersion = 17.4.33213.308
MinimumVisualStudioVersion = 10.0.40219.1
Project("{FAE04EC0-301F-11D3-BF4B-00C04F79EFBC}") = "decresente", "decresente\decresente.csproj", "{9087E1AC-A871-4CD8-A65D-3CAAC1B8DD5F}"
EndProject
Global
	GlobalSection(SolutionConfigurationPlatforms) = preSolution
		Debug|Any CPU = Debug|Any CPU
		Release|Any CPU = Release|Any CPU
	EndGlobalSection
	GlobalSection(ProjectConfigurationPlatforms) = postSolution
		{9087E1AC-A871-4CD8-A65D-3CAAC1B8DD5F}.Debug|Any CPU.ActiveCfg = Debug|Any CPU
		{9087E1AC-A871-4CD8-A65D-3CAAC1B8DD5F}.Debug|Any CPU.Build.0 = Debug|Any CPU
		{9087E1AC-A871-4CD8-A65D-3CAAC1B8DD5F}.Release|Any CPU.ActiveCfg = Release|Any CPU
		{9087E1AC-A871-4CD8-A65D-3CAAC1B8DD5F}.Release|Any CPU.Build.0 = Release|Any CPU
	EndGlobalSection
	GlobalSection(SolutionProperties) = preSolution
		HideSolutionNode = FALSE
	EndGlobalSection
	GlobalSection(ExtensibilityGlobals) = postSolution
		SolutionGuid = {58280CD5-7219-4A09-A915-0F010C9B4F79}
	EndGlobalSection
EndGlobal
